{
  "name": "what-was-i-doing",
  "version": "0.1.0",
  "lockfileVersion": 3,
  "requires": true,
  "packages": {
    "": {
      "name": "what-was-i-doing",
      "version": "0.1.0",
      "license": "MIT",
      "bin": {
        "what-was-i-doing": "src/cli.js"
      },
      "engines": {
        "node": ">=18"
      }
    }
  }
}
